// !$*UTF8*$!
{
	archiveVersion = 1;
	classes = {
	};
	objectVersion = 55;
	objects = {

/* Begin PBXBuildFile section */
		D324DBC32869C98200FE71A0 /* PopupImagePickerView.swift in Sources */ = {isa = PBXBuildFile; fileRef = D324DBC22869C98200FE71A0 /* PopupImagePickerView.swift */; };
		D324DBC62869C99C00FE71A0 /* ImageAsset.swift in Sources */ = {isa = PBXBuildFile; fileRef = D324DBC52869C99C00FE71A0 /* ImageAsset.swift */; };
		D324DBC92869CA4D00FE71A0 /* ImagePickerViewModel.swift in Sources */ = {isa = PBXBuildFile; fileRef = D324DBC82869CA4D00FE71A0 /* ImagePickerViewModel.swift */; };
		D33D2DB6286304A0007142E8 /* ImagePickersBenchmarkApp.swift in Sources */ = {isa = PBXBuildFile; fileRef = D33D2DB5286304A0007142E8 /* ImagePickersBenchmarkApp.swift */; };
		D33D2DBA286304A2007142E8 /* Assets.xcassets in Resources */ = {isa = PBXBuildFile; fileRef = D33D2DB9286304A2007142E8 /* Assets.xcassets */; };
		D33D2DBD286304A2007142E8 /* Preview Assets.xcassets in Resources */ = {isa = PBXBuildFile; fileRef = D33D2DBC286304A2007142E8 /* Preview Assets.xcassets */; };
		D39732612869DB1F007A634B /* MainTabView.swift in Sources */ = {isa = PBXBuildFile; fileRef = D39732602869DB1F007A634B /* MainTabView.swift */; };
		D3A07416286309230034CF77 /* PHPickerView.swift in Sources */ = {isa = PBXBuildFile; fileRef = D3A07415286309230034CF77 /* PHPickerView.swift */; };
		D3A07418286309320034CF77 /* ImagePicker.swift in Sources */ = {isa = PBXBuildFile; fileRef = D3A07417286309320034CF77 /* ImagePicker.swift */; };
		D3A0741A2863098C0034CF77 /* PHPickerViewModel.swift in Sources */ = {isa = PBXBuildFile; fileRef = D3A074192863098C0034CF77 /* PHPickerViewModel.swift */; };
		D3F6758E286AD3100082D51D /* Extensions.swift in Sources */ = {isa = PBXBuildFile; fileRef = D3F6758D286AD3100082D51D /* Extensions.swift */; };
/* End PBXBuildFile section */

/* Begin PBXFileReference section */
		D324DBC22869C98200FE71A0 /* PopupImagePickerView.swift */ = {isa = PBXFileReference; lastKnownFileType = sourcecode.swift; path = PopupImagePickerView.swift; sourceTree = "<group>"; };
		D324DBC52869C99C00FE71A0 /* ImageAsset.swift */ = {isa = PBXFileReference; lastKnownFileType = sourcecode.swift; path = ImageAsset.swift; sourceTree = "<group>"; };
		D324DBC82869CA4D00FE71A0 /* ImagePickerViewModel.swift */ = {isa = PBXFileReference; lastKnownFileType = sourcecode.swift; path = ImagePickerViewModel.swift; sourceTree = "<group>"; };
		D33D2DB2286304A0007142E8 /* ImagePickersBenchmark.app */ = {isa = PBXFileReference; explicitFileType = wrapper.application; includeInIndex = 0; path = ImagePickersBenchmark.app; sourceTree = BUILT_PRODUCTS_DIR; };
		D33D2DB5286304A0007142E8 /* ImagePickersBenchmarkApp.swift */ = {isa = PBXFileReference; lastKnownFileType = sourcecode.swift; path = ImagePickersBenchmarkApp.swift; sourceTree = "<group>"; };
		D33D2DB9286304A2007142E8 /* Assets.xcassets */ = {isa = PBXFileReference; lastKnownFileType = folder.assetcatalog; path = Assets.xcassets; sourceTree = "<group>"; };
		D33D2DBC286304A2007142E8 /* Preview Assets.xcassets */ = {isa = PBXFileReference; lastKnownFileType = folder.assetcatalog; path = "Preview Assets.xcassets"; sourceTree = "<group>"; };
		D39732602869DB1F007A634B /* MainTabView.swift */ = {isa = PBXFileReference; lastKnownFileType = sourcecode.swift; path = MainTabView.swift; sourceTree = "<group>"; };
		D3A07415286309230034CF77 /* PHPickerView.swift */ = {isa = PBXFileReference; lastKnownFileType = sourcecode.swift; path = PHPickerView.swift; sourceTree = "<group>"; };
		D3A07417286309320034CF77 /* ImagePicker.swift */ = {isa = PBXFileReference; lastKnownFileType = sourcecode.swift; path = ImagePicker.swift; sourceTree = "<group>"; };
		D3A074192863098C0034CF77 /* PHPickerViewModel.swift */ = {isa = PBXFileReference; lastKnownFileType = sourcecode.swift; path = PHPickerViewModel.swift; sourceTree = "<group>"; };
		D3F6758D286AD3100082D51D /* Extensions.swift */ = {isa = PBXFileReference; lastKnownFileType = sourcecode.swift; path = Extensions.swift; sourceTree = "<group>"; };
/* End PBXFileReference section */

/* Begin PBXFrameworksBuildPhase section */
		D33D2DAF286304A0007142E8 /* Frameworks */ = {
			isa = PBXFrameworksBuildPhase;
			buildActionMask = 2147483647;
			files = (
			);
			runOnlyForDeploymentPostprocessing = 0;
		};
/* End PBXFrameworksBuildPhase section */

/* Begin PBXGroup section */
		D324DBC02869C96A00FE71A0 /* PopUpPicker */ = {
			isa = PBXGroup;
			children = (
				D39732622869DD01007A634B /* Helpers */,
				D324DBC72869CA3B00FE71A0 /* ViewModel */,
				D324DBC42869C98F00FE71A0 /* Model */,
				D324DBC12869C97400FE71A0 /* View */,
			);
			path = PopUpPicker;
			sourceTree = "<group>";
		};
		D324DBC12869C97400FE71A0 /* View */ = {
			isa = PBXGroup;
			children = (
				D324DBC22869C98200FE71A0 /* PopupImagePickerView.swift */,
				D39732602869DB1F007A634B /* MainTabView.swift */,
			);
			path = View;
			sourceTree = "<group>";
		};
		D324DBC42869C98F00FE71A0 /* Model */ = {
			isa = PBXGroup;
			children = (
				D324DBC52869C99C00FE71A0 /* ImageAsset.swift */,
			);
			path = Model;
			sourceTree = "<group>";
		};
		D324DBC72869CA3B00FE71A0 /* ViewModel */ = {
			isa = PBXGroup;
			children = (
				D324DBC82869CA4D00FE71A0 /* ImagePickerViewModel.swift */,
			);
			path = ViewModel;
			sourceTree = "<group>";
		};
		D33D2DA9286304A0007142E8 = {
			isa = PBXGroup;
			children = (
				D33D2DB4286304A0007142E8 /* ImagePickersBenchmark */,
				D33D2DB3286304A0007142E8 /* Products */,
			);
			sourceTree = "<group>";
		};
		D33D2DB3286304A0007142E8 /* Products */ = {
			isa = PBXGroup;
			children = (
				D33D2DB2286304A0007142E8 /* ImagePickersBenchmark.app */,
			);
			name = Products;
			sourceTree = "<group>";
		};
		D33D2DB4286304A0007142E8 /* ImagePickersBenchmark */ = {
			isa = PBXGroup;
			children = (
				D324DBC02869C96A00FE71A0 /* PopUpPicker */,
				D3A07414286309070034CF77 /* PHPickerViewController */,
				D33D2DB5286304A0007142E8 /* ImagePickersBenchmarkApp.swift */,
				D33D2DB9286304A2007142E8 /* Assets.xcassets */,
				D33D2DBB286304A2007142E8 /* Preview Content */,
			);
			path = ImagePickersBenchmark;
			sourceTree = "<group>";
		};
		D33D2DBB286304A2007142E8 /* Preview Content */ = {
			isa = PBXGroup;
			children = (
				D33D2DBC286304A2007142E8 /* Preview Assets.xcassets */,
			);
			path = "Preview Content";
			sourceTree = "<group>";
		};
		D39732622869DD01007A634B /* Helpers */ = {
			isa = PBXGroup;
			children = (
				D3F6758D286AD3100082D51D /* Extensions.swift */,
			);
			path = Helpers;
			sourceTree = "<group>";
		};
		D3A07414286309070034CF77 /* PHPickerViewController */ = {
			isa = PBXGroup;
			children = (
				D3A07417286309320034CF77 /* ImagePicker.swift */,
				D3A074192863098C0034CF77 /* PHPickerViewModel.swift */,
				D3A07415286309230034CF77 /* PHPickerView.swift */,
			);
			path = PHPickerViewController;
			sourceTree = "<group>";
		};
/* End PBXGroup section */

/* Begin PBXNativeTarget section */
		D33D2DB1286304A0007142E8 /* ImagePickersBenchmark */ = {
			isa = PBXNativeTarget;
			buildConfigurationList = D33D2DC0286304A2007142E8 /* Build configuration list for PBXNativeTarget "ImagePickersBenchmark" */;
			buildPhases = (
				D33D2DAE286304A0007142E8 /* Sources */,
				D33D2DAF286304A0007142E8 /* Frameworks */,
				D33D2DB0286304A0007142E8 /* Resources */,
			);
			buildRules = (
			);
			dependencies = (
			);
			name = ImagePickersBenchmark;
			packageProductDependencies = (
			);
			productName = ImagePickersBenchmark;
			productReference = D33D2DB2286304A0007142E8 /* ImagePickersBenchmark.app */;
			productType = "com.apple.product-type.application";
		};
/* End PBXNativeTarget section */

/* Begin PBXProject section */
		D33D2DAA286304A0007142E8 /* Project object */ = {
			isa = PBXProject;
			attributes = {
				BuildIndependentTargetsInParallel = 1;
				LastSwiftUpdateCheck = 1340;
				LastUpgradeCheck = 1340;
				TargetAttributes = {
					D33D2DB1286304A0007142E8 = {
						CreatedOnToolsVersion = 13.4.1;
					};
				};
			};
			buildConfigurationList = D33D2DAD286304A0007142E8 /* Build configuration list for PBXProject "ImagePickersBenchmark" */;
			compatibilityVersion = "Xcode 13.0";
			developmentRegion = en;
			hasScannedForEncodings = 0;
			knownRegions = (
				en,
				Base,
			);
			mainGroup = D33D2DA9286304A0007142E8;
			packageReferences = (
			);
			productRefGroup = D33D2DB3286304A0007142E8 /* Products */;
			projectDirPath = "";
			projectRoot = "";
			targets = (
				D33D2DB1286304A0007142E8 /* ImagePickersBenchmark */,
			);
		};
/* End PBXProject section */

/* Begin PBXResourcesBuildPhase section */
		D33D2DB0286304A0007142E8 /* Resources */ = {
			isa = PBXResourcesBuildPhase;
			buildActionMask = 2147483647;
			files = (
				D33D2DBD286304A2007142E8 /* Preview Assets.xcassets in Resources */,
				D33D2DBA286304A2007142E8 /* Assets.xcassets in Resources */,
			);
			runOnlyForDeploymentPostprocessing = 0;
		};
/* End PBXResourcesBuildPhase section */

/* Begin PBXSourcesBuildPhase section */
		D33D2DAE286304A0007142E8 /* Sources */ = {
			isa = PBXSourcesBuildPhase;
			buildActionMask = 2147483647;
			files = (
				D324DBC92869CA4D00FE71A0 /* ImagePickerViewModel.swift in Sources */,
				D3F6758E286AD3100082D51D /* Extensions.swift in Sources */,
				D324DBC62869C99C00FE71A0 /* ImageAsset.swift in Sources */,
				D3A07418286309320034CF77 /* ImagePicker.swift in Sources */,
				D39732612869DB1F007A634B /* MainTabView.swift in Sources */,
				D3A0741A2863098C0034CF77 /* PHPickerViewModel.swift in Sources */,
				D324DBC32869C98200FE71A0 /* PopupImagePickerView.swift in Sources */,
				D33D2DB6286304A0007142E8 /* ImagePickersBenchmarkApp.swift in Sources */,
				D3A07416286309230034CF77 /* PHPickerView.swift in Sources */,
			);
			runOnlyForDeploymentPostprocessing = 0;
		};
/* End PBXSourcesBuildPhase section */

/* Begin XCBuildConfiguration section */
		D33D2DBE286304A2007142E8 /* Debug */ = {
			isa = XCBuildConfiguration;
			buildSettings = {
				ALWAYS_SEARCH_USER_PATHS = NO;
				CLANG_ANALYZER_NONNULL = YES;
				CLANG_ANALYZER_NUMBER_OBJECT_CONVERSION = YES_AGGRESSIVE;
				CLANG_CXX_LANGUAGE_STANDARD = "gnu++17";
				CLANG_ENABLE_MODULES = YES;
				CLANG_ENABLE_OBJC_ARC = YES;
				CLANG_ENABLE_OBJC_WEAK = YES;
				CLANG_WARN_BLOCK_CAPTURE_AUTORELEASING = YES;
				CLANG_WARN_BOOL_CONVERSION = YES;
				CLANG_WARN_COMMA = YES;
				CLANG_WARN_CONSTANT_CONVERSION = YES;
				CLANG_WARN_DEPRECATED_OBJC_IMPLEMENTATIONS = YES;
				CLANG_WARN_DIRECT_OBJC_ISA_USAGE = YES_ERROR;
				CLANG_WARN_DOCUMENTATION_COMMENTS = YES;
				CLANG_WARN_EMPTY_BODY = YES;
				CLANG_WARN_ENUM_CONVERSION = YES;
				CLANG_WARN_INFINITE_RECURSION = YES;
				CLANG_WARN_INT_CONVERSION = YES;
				CLANG_WARN_NON_LITERAL_NULL_CONVERSION = YES;
				CLANG_WARN_OBJC_IMPLICIT_RETAIN_SELF = YES;
				CLANG_WARN_OBJC_LITERAL_CONVERSION = YES;
				CLANG_WARN_OBJC_ROOT_CLASS = YES_ERROR;
				CLANG_WARN_QUOTED_INCLUDE_IN_FRAMEWORK_HEADER = YES;
				CLANG_WARN_RANGE_LOOP_ANALYSIS = YES;
				CLANG_WARN_STRICT_PROTOTYPES = YES;
				CLANG_WARN_SUSPICIOUS_MOVE = YES;
				CLANG_WARN_UNGUARDED_AVAILABILITY = YES_AGGRESSIVE;
				CLANG_WARN_UNREACHABLE_CODE = YES;
				CLANG_WARN__DUPLICATE_METHOD_MATCH = YES;
				COPY_PHASE_STRIP = NO;
				DEBUG_INFORMATION_FORMAT = dwarf;
				ENABLE_STRICT_OBJC_MSGSEND = YES;
				ENABLE_TESTABILITY = YES;
				GCC_C_LANGUAGE_STANDARD = gnu11;
				GCC_DYNAMIC_NO_PIC = NO;
				GCC_NO_COMMON_BLOCKS = YES;
				GCC_OPTIMIZATION_LEVEL = 0;
				GCC_PREPROCESSOR_DEFINITIONS = (
					"DEBUG=1",
					"$(inherited)",
				);
				GCC_WARN_64_TO_32_BIT_CONVERSION = YES;
				GCC_WARN_ABOUT_RETURN_TYPE = YES_ERROR;
				GCC_WARN_UNDECLARED_SELECTOR = YES;
				GCC_WARN_UNINITIALIZED_AUTOS = YES_AGGRESSIVE;
				GCC_WARN_UNUSED_FUNCTION = YES;
				GCC_WARN_UNUSED_VARIABLE = YES;
				IPHONEOS_DEPLOYMENT_TARGET = 15.5;
				MTL_ENABLE_DEBUG_INFO = INCLUDE_SOURCE;
				MTL_FAST_MATH = YES;
				ONLY_ACTIVE_ARCH = YES;
				SDKROOT = iphoneos;
				SWIFT_ACTIVE_COMPILATION_CONDITIONS = DEBUG;
				SWIFT_OPTIMIZATION_LEVEL = "-Onone";
			};
			name = Debug;
		};
		D33D2DBF286304A2007142E8 /* Release */ = {
			isa = XCBuildConfiguration;
			buildSettings = {
				ALWAYS_SEARCH_USER_PATHS = NO;
				CLANG_ANALYZER_NONNULL = YES;
				CLANG_ANALYZER_NUMBER_OBJECT_CONVERSION = YES_AGGRESSIVE;
				CLANG_CXX_LANGUAGE_STANDARD = "gnu++17";
				CLANG_ENABLE_MODULES = YES;
				CLANG_ENABLE_OBJC_ARC = YES;
				CLANG_ENABLE_OBJC_WEAK = YES;
				CLANG_WARN_BLOCK_CAPTURE_AUTORELEASING = YES;
				CLANG_WARN_BOOL_CONVERSION = YES;
				CLANG_WARN_COMMA = YES;
				CLANG_WARN_CONSTANT_CONVERSION = YES;
				CLANG_WARN_DEPRECATED_OBJC_IMPLEMENTATIONS = YES;
				CLANG_WARN_DIRECT_OBJC_ISA_USAGE = YES_ERROR;
				CLANG_WARN_DOCUMENTATION_COMMENTS = YES;
				CLANG_WARN_EMPTY_BODY = YES;
				CLANG_WARN_ENUM_CONVERSION = YES;
				CLANG_WARN_INFINITE_RECURSION = YES;
				CLANG_WARN_INT_CONVERSION = YES;
				CLANG_WARN_NON_LITERAL_NULL_CONVERSION = YES;
				CLANG_WARN_OBJC_IMPLICIT_RETAIN_SELF = YES;
				CLANG_WARN_OBJC_LITERAL_CONVERSION = YES;
				CLANG_WARN_OBJC_ROOT_CLASS = YES_ERROR;
				CLANG_WARN_QUOTED_INCLUDE_IN_FRAMEWORK_HEADER = YES;
				CLANG_WARN_RANGE_LOOP_ANALYSIS = YES;
				CLANG_WARN_STRICT_PROTOTYPES = YES;
				CLANG_WARN_SUSPICIOUS_MOVE = YES;
				CLANG_WARN_UNGUARDED_AVAILABILITY = YES_AGGRESSIVE;
				CLANG_WARN_UNREACHABLE_CODE = YES;
				CLANG_WARN__DUPLICATE_METHOD_MATCH = YES;
				COPY_PHASE_STRIP = NO;
				DEBUG_INFORMATION_FORMAT = "dwarf-with-dsym";
				ENABLE_NS_ASSERTIONS = NO;
				ENABLE_STRICT_OBJC_MSGSEND = YES;
				GCC_C_LANGUAGE_STANDARD = gnu11;
				GCC_NO_COMMON_BLOCKS = YES;
				GCC_WARN_64_TO_32_BIT_CONVERSION = YES;
				GCC_WARN_ABOUT_RETURN_TYPE = YES_ERROR;
				GCC_WARN_UNDECLARED_SELECTOR = YES;
				GCC_WARN_UNINITIALIZED_AUTOS = YES_AGGRESSIVE;
				GCC_WARN_UNUSED_FUNCTION = YES;
				GCC_WARN_UNUSED_VARIABLE = YES;
				IPHONEOS_DEPLOYMENT_TARGET = 15.5;
				MTL_ENABLE_DEBUG_INFO = NO;
				MTL_FAST_MATH = YES;
				SDKROOT = iphoneos;
				SWIFT_COMPILATION_MODE = wholemodule;
				SWIFT_OPTIMIZATION_LEVEL = "-O";
				VALIDATE_PRODUCT = YES;
			};
			name = Release;
		};
		D33D2DC1286304A2007142E8 /* Debug */ = {
			isa = XCBuildConfiguration;
			buildSettings = {
				ASSETCATALOG_COMPILER_APPICON_NAME = AppIcon;
				ASSETCATALOG_COMPILER_GLOBAL_ACCENT_COLOR_NAME = AccentColor;
				CODE_SIGN_STYLE = Automatic;
				CURRENT_PROJECT_VERSION = 1;
				DEVELOPMENT_ASSET_PATHS = "\"ImagePickersBenchmark/Preview Content\"";
				DEVELOPMENT_TEAM = T2C24KCSV2;
				ENABLE_PREVIEWS = YES;
				GENERATE_INFOPLIST_FILE = YES;
				INFOPLIST_KEY_NSPhotoLibraryUsageDescription = "Allow access";
				INFOPLIST_KEY_UIApplicationSceneManifest_Generation = YES;
				INFOPLIST_KEY_UIApplicationSupportsIndirectInputEvents = YES;
				INFOPLIST_KEY_UILaunchScreen_Generation = YES;
				INFOPLIST_KEY_UISupportedInterfaceOrientations_iPad = "UIInterfaceOrientationPortrait UIInterfaceOrientationPortraitUpsideDown UIInterfaceOrientationLandscapeLeft UIInterfaceOrientationLandscapeRight";
				INFOPLIST_KEY_UISupportedInterfaceOrientations_iPhone = "UIInterfaceOrientationPortrait UIInterfaceOrientationLandscapeLeft UIInterfaceOrientationLandscapeRight";
				LD_RUNPATH_SEARCH_PATHS = (
					"$(inherited)",
					"@executable_path/Frameworks",
				);
				MARKETING_VERSION = 1.0;
				PRODUCT_BUNDLE_IDENTIFIER = DimitriPocheron.ImagePickersBenchmark;
				PRODUCT_NAME = "$(TARGET_NAME)";
				SWIFT_EMIT_LOC_STRINGS = YES;
				SWIFT_VERSION = 5.0;
				TARGETED_DEVICE_FAMILY = "1,2";
			};
			name = Debug;
		};
		D33D2DC2286304A2007142E8 /* Release */ = {
			isa = XCBuildConfiguration;
			buildSettings = {
				ASSETCATALOG_COMPILER_APPICON_NAME = AppIcon;
				ASSETCATALOG_COMPILER_GLOBAL_ACCENT_COLOR_NAME = AccentColor;
				CODE_SIGN_STYLE = Automatic;
				CURRENT_PROJECT_VERSION = 1;
				DEVELOPMENT_ASSET_PATHS = "\"ImagePickersBenchmark/Preview Content\"";
				DEVELOPMENT_TEAM = T2C24KCSV2;
				ENABLE_PREVIEWS = YES;
				GENERATE_INFOPLIST_FILE = YES;
				INFOPLIST_KEY_NSPhotoLibraryUsageDescription = "Allow access";
				INFOPLIST_KEY_UIApplicationSceneManifest_Generation = YES;
				INFOPLIST_KEY_UIApplicationSupportsIndirectInputEvents = YES;
				INFOPLIST_KEY_UILaunchScreen_Generation = YES;
				INFOPLIST_KEY_UISupportedInterfaceOrientations_iPad = "UIInterfaceOrientationPortrait UIInterfaceOrientationPortraitUpsideDown UIInterfaceOrientationLandscapeLeft UIInterfaceOrientationLandscapeRight";
				INFOPLIST_KEY_UISupportedInterfaceOrientations_iPhone = "UIInterfaceOrientationPortrait UIInterfaceOrientationLandscapeLeft UIInterfaceOrientationLandscapeRight";
				LD_RUNPATH_SEARCH_PATHS = (
					"$(inherited)",
					"@executable_path/Frameworks",
				);
				MARKETING_VERSION = 1.0;
				PRODUCT_BUNDLE_IDENTIFIER = DimitriPocheron.ImagePickersBenchmark;
				PRODUCT_NAME = "$(TARGET_NAME)";
				SWIFT_EMIT_LOC_STRINGS = YES;
				SWIFT_VERSION = 5.0;
				TARGETED_DEVICE_FAMILY = "1,2";
			};
			name = Release;
		};
/* End XCBuildConfiguration section */

/* Begin XCConfigurationList section */
		D33D2DAD286304A0007142E8 /* Build configuration list for PBXProject "ImagePickersBenchmark" */ = {
			isa = XCConfigurationList;
			buildConfigurations = (
				D33D2DBE286304A2007142E8 /* Debug */,
				D33D2DBF286304A2007142E8 /* Release */,
			);
			defaultConfigurationIsVisible = 0;
			defaultConfigurationName = Release;
		};
		D33D2DC0286304A2007142E8 /* Build configuration list for PBXNativeTarget "ImagePickersBenchmark" */ = {
			isa = XCConfigurationList;
			buildConfigurations = (
				D33D2DC1286304A2007142E8 /* Debug */,
				D33D2DC2286304A2007142E8 /* Release */,
			);
			defaultConfigurationIsVisible = 0;
			defaultConfigurationName = Release;
		};
/* End XCConfigurationList section */
	};
	rootObject = D33D2DAA286304A0007142E8 /* Project object */;
}
